{
  "nodes": {
    "firefox-addons": {
      "inputs": {
        "nixpkgs": [
          "nixpkgs"
        ]
      },
      "locked": {
        "dir": "pkgs/firefox-addons",
        "lastModified": 1768881817,
        "narHash": "sha256-yEG418W8a7C/bcmRI5Lgd03XbBc8K2yV0kp1WUHTYbA=",
        "owner": "rycee",
        "repo": "nur-expressions",
        "rev": "bbd2046d41083954fd28c31cb4f2d3510c9e2b1e",
        "type": "gitlab"
      },
      "original": {
        "dir": "pkgs/firefox-addons",
        "owner": "rycee",
        "repo": "nur-expressions",
        "type": "gitlab"
      }
    },
    "home-manager": {
      "inputs": {
        "nixpkgs": [
          "nixpkgs"
        ]
      },
      "locked": {
        "lastModified": 1768942641,
        "narHash": "sha256-i25tkhqjsfo0YKz8To/+gzazW1v4f8qUGqJQ8OLrkqE=",
        "owner": "nix-community",
        "repo": "home-manager",
        "rev": "9997de2f62d1875644f02ddf96cf485a4baecb6f",
        "type": "github"
      },
      "original": {
        "owner": "nix-community",
        "repo": "home-manager",
        "type": "github"
      }
    },
    "nixpkgs": {
      "locked": {
        "lastModified": 1768564909,
        "narHash": "sha256-Kell/SpJYVkHWMvnhqJz/8DqQg2b6PguxVWOuadbHCc=",
        "owner": "nixos",
        "repo": "nixpkgs",
        "rev": "e4bae1bd10c9c57b2cf517953ab70060a828ee6f",
        "type": "github"
      },
      "original": {
        "owner": "nixos",
        "ref": "nixos-unstable",
        "repo": "nixpkgs",
        "type": "github"
      }
    },
    "plasma-manager": {
      "inputs": {
        "home-manager": [
          "home-manager"
        ],
        "nixpkgs": [
          "nixpkgs"
        ]
      },
      "locked": {
        "lastModified": 1767662275,
        "narHash": "sha256-d5Q1GmQ+sW1Bt8cgDE0vOihzLaswsm8cSdg8124EqXE=",
        "owner": "nix-community",
        "repo": "plasma-manager",
        "rev": "51816be33a1ff0d4b22427de83222d5bfa96d30e",
        "type": "github"
      },
      "original": {
        "owner": "nix-community",
        "repo": "plasma-manager",
        "type": "github"
      }
    },
    "root": {
      "inputs": {
        "firefox-addons": "firefox-addons",
        "home-manager": "home-manager",
        "nixpkgs": "nixpkgs",
        "plasma-manager": "plasma-manager",
        "rust-overlay": "rust-overlay"
      }
    },
    "rust-overlay": {
      "inputs": {
        "nixpkgs": [
          "nixpkgs"
        ]
      },
      "locked": {
        "lastModified": 1768963622,
        "narHash": "sha256-n6VHiUgrYD9yjagzG6ncVVqFbVTsKCI54tR9PNAFCo0=",
        "owner": "oxalica",
        "repo": "rust-overlay",
        "rev": "2ef5b3362af585a83bafd34e7fc9b1f388c2e5e2",
        "type": "github"
      },
      "original": {
        "owner": "oxalica",
        "repo": "rust-overlay",
        "type": "github"
      }
    }
  },
  "root": "root",
  "version": 7
}
